
Microsoft Visual Studio Solution File, Format Version 12.00
# Visual Studio Version 16
VisualStudioVersion = 16.0.31019.35
MinimumVisualStudioVersion = 10.0.40219.1
Project("{FAE04EC0-301F-11D3-BF4B-00C04F79EFBC}") = "FourthWebAPI", "FourthWebAPI\FourthWebAPI.csproj", "{5793B089-5A2E-42B6-8FC5-744906843161}"
EndProject
Project("{2150E333-8FDC-42A3-9474-1A3956D46DE8}") = "test", "test", "{7F392900-D9F6-4F62-91F8-4392A4C77A7E}"
EndProject
Project("{FAE04EC0-301F-11D3-BF4B-00C04F79EFBC}") = "FourthWebApi.UnitTest", "test\FourthWebApi.UnitTest\FourthWebApi.UnitTest.csproj", "{8407F3EE-F1E5-4CAA-9181-D34538E8B75B}"
EndProject
Global
	GlobalSection(SolutionConfigurationPlatforms) = preSolution
		Debug|Any CPU = Debug|Any CPU
		Release|Any CPU = Release|Any CPU
	EndGlobalSection
	GlobalSection(ProjectConfigurationPlatforms) = postSolution
		{5793B089-5A2E-42B6-8FC5-744906843161}.Debug|Any CPU.ActiveCfg = Debug|Any CPU
		{5793B089-5A2E-42B6-8FC5-744906843161}.Debug|Any CPU.Build.0 = Debug|Any CPU
		{5793B089-5A2E-42B6-8FC5-744906843161}.Release|Any CPU.ActiveCfg = Release|Any CPU
		{5793B089-5A2E-42B6-8FC5-744906843161}.Release|Any CPU.Build.0 = Release|Any CPU
		{8407F3EE-F1E5-4CAA-9181-D34538E8B75B}.Debug|Any CPU.ActiveCfg = Debug|Any CPU
		{8407F3EE-F1E5-4CAA-9181-D34538E8B75B}.Debug|Any CPU.Build.0 = Debug|Any CPU
		{8407F3EE-F1E5-4CAA-9181-D34538E8B75B}.Release|Any CPU.ActiveCfg = Release|Any CPU
		{8407F3EE-F1E5-4CAA-9181-D34538E8B75B}.Release|Any CPU.Build.0 = Release|Any CPU
	EndGlobalSection
	GlobalSection(SolutionProperties) = preSolution
		HideSolutionNode = FALSE
	EndGlobalSection
	GlobalSection(ExtensibilityGlobals) = postSolution
		SolutionGuid = {2423D240-4B2F-4195-8D60-1E8BC70F76EF}
	EndGlobalSection
	GlobalSection(NestedProjects) = preSolution
		{8407F3EE-F1E5-4CAA-9181-D34538E8B75B} = {7F392900-D9F6-4F62-91F8-4392A4C77A7E}
	EndGlobalSection
EndGlobal
